
Microsoft Visual Studio Solution File, Format Version 12.00
# Visual Studio Version 17
VisualStudioVersion = 17.14.36908.2
MinimumVisualStudioVersion = 10.0.40219.1
Project("{FAE04EC0-301F-11D3-BF4B-00C04F79EFBC}") = "RealEstateListingPlatform", "RealEstateListingPlatform\RealEstateListingPlatform.csproj", "{90DA7F6A-A0B9-40BD-AB89-EE4BBD27BEBB}"
EndProject
Project("{FAE04EC0-301F-11D3-BF4B-00C04F79EFBC}") = "DAL", "DAL\DAL.csproj", "{A8526B64-CD24-4C2E-BAC2-CDA79AA8BD27}"
EndProject
Project("{FAE04EC0-301F-11D3-BF4B-00C04F79EFBC}") = "BLL", "BLL\BLL.csproj", "{BE5B1255-CA30-40E6-B5AA-A8D52D2EAC84}"
EndProject
Global
	GlobalSection(SolutionConfigurationPlatforms) = preSolution
		Debug|Any CPU = Debug|Any CPU
		Debug|x64 = Debug|x64
		Debug|x86 = Debug|x86
		Release|Any CPU = Release|Any CPU
		Release|x64 = Release|x64
		Release|x86 = Release|x86
	EndGlobalSection
	GlobalSection(ProjectConfigurationPlatforms) = postSolution
		{90DA7F6A-A0B9-40BD-AB89-EE4BBD27BEBB}.Debug|Any CPU.ActiveCfg = Debug|Any CPU
		{90DA7F6A-A0B9-40BD-AB89-EE4BBD27BEBB}.Debug|Any CPU.Build.0 = Debug|Any CPU
		{90DA7F6A-A0B9-40BD-AB89-EE4BBD27BEBB}.Debug|x64.ActiveCfg = Debug|Any CPU
		{90DA7F6A-A0B9-40BD-AB89-EE4BBD27BEBB}.Debug|x64.Build.0 = Debug|Any CPU
		{90DA7F6A-A0B9-40BD-AB89-EE4BBD27BEBB}.Debug|x86.ActiveCfg = Debug|Any CPU
		{90DA7F6A-A0B9-40BD-AB89-EE4BBD27BEBB}.Debug|x86.Build.0 = Debug|Any CPU
		{90DA7F6A-A0B9-40BD-AB89-EE4BBD27BEBB}.Release|Any CPU.ActiveCfg = Release|Any CPU
		{90DA7F6A-A0B9-40BD-AB89-EE4BBD27BEBB}.Release|Any CPU.Build.0 = Release|Any CPU
		{90DA7F6A-A0B9-40BD-AB89-EE4BBD27BEBB}.Release|x64.ActiveCfg = Release|Any CPU
		{90DA7F6A-A0B9-40BD-AB89-EE4BBD27BEBB}.Release|x64.Build.0 = Release|Any CPU
		{90DA7F6A-A0B9-40BD-AB89-EE4BBD27BEBB}.Release|x86.ActiveCfg = Release|Any CPU
		{90DA7F6A-A0B9-40BD-AB89-EE4BBD27BEBB}.Release|x86.Build.0 = Release|Any CPU
		{A8526B64-CD24-4C2E-BAC2-CDA79AA8BD27}.Debug|Any CPU.ActiveCfg = Debug|Any CPU
		{A8526B64-CD24-4C2E-BAC2-CDA79AA8BD27}.Debug|Any CPU.Build.0 = Debug|Any CPU
		{A8526B64-CD24-4C2E-BAC2-CDA79AA8BD27}.Debug|x64.ActiveCfg = Debug|Any CPU
		{A8526B64-CD24-4C2E-BAC2-CDA79AA8BD27}.Debug|x64.Build.0 = Debug|Any CPU
		{A8526B64-CD24-4C2E-BAC2-CDA79AA8BD27}.Debug|x86.ActiveCfg = Debug|Any CPU
		{A8526B64-CD24-4C2E-BAC2-CDA79AA8BD27}.Debug|x86.Build.0 = Debug|Any CPU
		{A8526B64-CD24-4C2E-BAC2-CDA79AA8BD27}.Release|Any CPU.ActiveCfg = Release|Any CPU
		{A8526B64-CD24-4C2E-BAC2-CDA79AA8BD27}.Release|Any CPU.Build.0 = Release|Any CPU
		{A8526B64-CD24-4C2E-BAC2-CDA79AA8BD27}.Release|x64.ActiveCfg = Release|Any CPU
		{A8526B64-CD24-4C2E-BAC2-CDA79AA8BD27}.Release|x64.Build.0 = Release|Any CPU
		{A8526B64-CD24-4C2E-BAC2-CDA79AA8BD27}.Release|x86.ActiveCfg = Release|Any CPU
		{A8526B64-CD24-4C2E-BAC2-CDA79AA8BD27}.Release|x86.Build.0 = Release|Any CPU
		{BE5B1255-CA30-40E6-B5AA-A8D52D2EAC84}.Debug|Any CPU.ActiveCfg = Debug|Any CPU
		{BE5B1255-CA30-40E6-B5AA-A8D52D2EAC84}.Debug|Any CPU.Build.0 = Debug|Any CPU
		{BE5B1255-CA30-40E6-B5AA-A8D52D2EAC84}.Debug|x64.ActiveCfg = Debug|Any CPU
		{BE5B1255-CA30-40E6-B5AA-A8D52D2EAC84}.Debug|x64.Build.0 = Debug|Any CPU
		{BE5B1255-CA30-40E6-B5AA-A8D52D2EAC84}.Debug|x86.ActiveCfg = Debug|Any CPU
		{BE5B1255-CA30-40E6-B5AA-A8D52D2EAC84}.Debug|x86.Build.0 = Debug|Any CPU
		{BE5B1255-CA30-40E6-B5AA-A8D52D2EAC84}.Release|Any CPU.ActiveCfg = Release|Any CPU
		{BE5B1255-CA30-40E6-B5AA-A8D52D2EAC84}.Release|Any CPU.Build.0 = Release|Any CPU
		{BE5B1255-CA30-40E6-B5AA-A8D52D2EAC84}.Release|x64.ActiveCfg = Release|Any CPU
		{BE5B1255-CA30-40E6-B5AA-A8D52D2EAC84}.Release|x64.Build.0 = Release|Any CPU
		{BE5B1255-CA30-40E6-B5AA-A8D52D2EAC84}.Release|x86.ActiveCfg = Release|Any CPU
		{BE5B1255-CA30-40E6-B5AA-A8D52D2EAC84}.Release|x86.Build.0 = Release|Any CPU
	EndGlobalSection
	GlobalSection(SolutionProperties) = preSolution
		HideSolutionNode = FALSE
	EndGlobalSection
	GlobalSection(ExtensibilityGlobals) = postSolution
		SolutionGuid = {0237210F-6F28-4595-84D9-82FAA331BA68}
	EndGlobalSection
EndGlobal
